
Microsoft Visual Studio Solution File, Format Version 12.00
# Visual Studio 15
VisualStudioVersion = 15.0.33026.149
MinimumVisualStudioVersion = 10.0.40219.1
Project("{8BC9CEB8-8B4A-11D0-8D11-00A0C91BC942}") = "初识结构体(1)", "初识结构体(1)\初识结构体(1).vcxproj", "{58D25430-077E-4503-A257-CADE070B9517}"
EndProject
Global
	GlobalSection(SolutionConfigurationPlatforms) = preSolution
		Debug|x64 = Debug|x64
		Debug|x86 = Debug|x86
		Release|x64 = Release|x64
		Release|x86 = Release|x86
	EndGlobalSection
	GlobalSection(ProjectConfigurationPlatforms) = postSolution
		{58D25430-077E-4503-A257-CADE070B9517}.Debug|x64.ActiveCfg = Debug|x64
		{58D25430-077E-4503-A257-CADE070B9517}.Debug|x64.Build.0 = Debug|x64
		{58D25430-077E-4503-A257-CADE070B9517}.Debug|x86.ActiveCfg = Debug|Win32
		{58D25430-077E-4503-A257-CADE070B9517}.Debug|x86.Build.0 = Debug|Win32
		{58D25430-077E-4503-A257-CADE070B9517}.Release|x64.ActiveCfg = Release|x64
		{58D25430-077E-4503-A257-CADE070B9517}.Release|x64.Build.0 = Release|x64
		{58D25430-077E-4503-A257-CADE070B9517}.Release|x86.ActiveCfg = Release|Win32
		{58D25430-077E-4503-A257-CADE070B9517}.Release|x86.Build.0 = Release|Win32
	EndGlobalSection
	GlobalSection(SolutionProperties) = preSolution
		HideSolutionNode = FALSE
	EndGlobalSection
	GlobalSection(ExtensibilityGlobals) = postSolution
		SolutionGuid = {11BA434D-3F38-4660-924F-7FF576036AA6}
	EndGlobalSection
EndGlobal
