
Microsoft Visual Studio Solution File, Format Version 12.00
# Visual Studio 15
VisualStudioVersion = 15.0.33026.149
MinimumVisualStudioVersion = 10.0.40219.1
Project("{8BC9CEB8-8B4A-11D0-8D11-00A0C91BC942}") = "试题分析(2)", "试题分析(2)\试题分析(2).vcxproj", "{E8524FCD-5075-4382-8B80-6E9891D6A7C7}"
EndProject
Global
	GlobalSection(SolutionConfigurationPlatforms) = preSolution
		Debug|x64 = Debug|x64
		Debug|x86 = Debug|x86
		Release|x64 = Release|x64
		Release|x86 = Release|x86
	EndGlobalSection
	GlobalSection(ProjectConfigurationPlatforms) = postSolution
		{E8524FCD-5075-4382-8B80-6E9891D6A7C7}.Debug|x64.ActiveCfg = Debug|x64
		{E8524FCD-5075-4382-8B80-6E9891D6A7C7}.Debug|x64.Build.0 = Debug|x64
		{E8524FCD-5075-4382-8B80-6E9891D6A7C7}.Debug|x86.ActiveCfg = Debug|Win32
		{E8524FCD-5075-4382-8B80-6E9891D6A7C7}.Debug|x86.Build.0 = Debug|Win32
		{E8524FCD-5075-4382-8B80-6E9891D6A7C7}.Release|x64.ActiveCfg = Release|x64
		{E8524FCD-5075-4382-8B80-6E9891D6A7C7}.Release|x64.Build.0 = Release|x64
		{E8524FCD-5075-4382-8B80-6E9891D6A7C7}.Release|x86.ActiveCfg = Release|Win32
		{E8524FCD-5075-4382-8B80-6E9891D6A7C7}.Release|x86.Build.0 = Release|Win32
	EndGlobalSection
	GlobalSection(SolutionProperties) = preSolution
		HideSolutionNode = FALSE
	EndGlobalSection
	GlobalSection(ExtensibilityGlobals) = postSolution
		SolutionGuid = {2FDEF1CF-A43B-4A3B-8F65-0104AC7C6AFC}
	EndGlobalSection
EndGlobal
