
Microsoft Visual Studio Solution File, Format Version 12.00
# Visual Studio 15
VisualStudioVersion = 15.0.28307.2092
MinimumVisualStudioVersion = 10.0.40219.1
Project("{8BC9CEB8-8B4A-11D0-8D11-00A0C91BC942}") = "函数与递归(2)", "函数与递归(2)\函数与递归(2).vcxproj", "{AD055AC0-3CC0-4DAE-9276-D2288630454E}"
EndProject
Global
	GlobalSection(SolutionConfigurationPlatforms) = preSolution
		Debug|x64 = Debug|x64
		Debug|x86 = Debug|x86
		Release|x64 = Release|x64
		Release|x86 = Release|x86
	EndGlobalSection
	GlobalSection(ProjectConfigurationPlatforms) = postSolution
		{AD055AC0-3CC0-4DAE-9276-D2288630454E}.Debug|x64.ActiveCfg = Debug|x64
		{AD055AC0-3CC0-4DAE-9276-D2288630454E}.Debug|x64.Build.0 = Debug|x64
		{AD055AC0-3CC0-4DAE-9276-D2288630454E}.Debug|x86.ActiveCfg = Debug|Win32
		{AD055AC0-3CC0-4DAE-9276-D2288630454E}.Debug|x86.Build.0 = Debug|Win32
		{AD055AC0-3CC0-4DAE-9276-D2288630454E}.Release|x64.ActiveCfg = Release|x64
		{AD055AC0-3CC0-4DAE-9276-D2288630454E}.Release|x64.Build.0 = Release|x64
		{AD055AC0-3CC0-4DAE-9276-D2288630454E}.Release|x86.ActiveCfg = Release|Win32
		{AD055AC0-3CC0-4DAE-9276-D2288630454E}.Release|x86.Build.0 = Release|Win32
	EndGlobalSection
	GlobalSection(SolutionProperties) = preSolution
		HideSolutionNode = FALSE
	EndGlobalSection
	GlobalSection(ExtensibilityGlobals) = postSolution
		SolutionGuid = {11050D32-A25F-4120-B30F-397270E5F20C}
	EndGlobalSection
EndGlobal
